// !$*UTF8*$!
{
	archiveVersion = 1;
	classes = {
	};
	objectVersion = 50;
	objects = {

/* Begin PBXBuildFile section */
		E8A209062289A427006210A6 /* AppDelegate.swift in Sources */ = {isa = PBXBuildFile; fileRef = E8A209052289A427006210A6 /* AppDelegate.swift */; };
		E8A209082289A427006210A6 /* ViewController.swift in Sources */ = {isa = PBXBuildFile; fileRef = E8A209072289A427006210A6 /* ViewController.swift */; };
		E8A2090B2289A427006210A6 /* Main.storyboard in Resources */ = {isa = PBXBuildFile; fileRef = E8A209092289A427006210A6 /* Main.storyboard */; };
		E8A2090D2289A428006210A6 /* Assets.xcassets in Resources */ = {isa = PBXBuildFile; fileRef = E8A2090C2289A428006210A6 /* Assets.xcassets */; };
		E8A209102289A428006210A6 /* LaunchScreen.storyboard in Resources */ = {isa = PBXBuildFile; fileRef = E8A2090E2289A428006210A6 /* LaunchScreen.storyboard */; };
		E8A2091B2289A428006210A6 /* OpenWeatherAppTests.swift in Sources */ = {isa = PBXBuildFile; fileRef = E8A2091A2289A428006210A6 /* OpenWeatherAppTests.swift */; };
		E8A209262289A428006210A6 /* OpenWeatherAppUITests.swift in Sources */ = {isa = PBXBuildFile; fileRef = E8A209252289A428006210A6 /* OpenWeatherAppUITests.swift */; };
		E8A209342289A467006210A6 /* Weather.swift in Sources */ = {isa = PBXBuildFile; fileRef = E8A209332289A467006210A6 /* Weather.swift */; };
		E8A209362289A474006210A6 /* WeatherService.swift in Sources */ = {isa = PBXBuildFile; fileRef = E8A209352289A474006210A6 /* WeatherService.swift */; };
		E8A2093A2289AD37006210A6 /* WeatherForecastTableViewController.swift in Sources */ = {isa = PBXBuildFile; fileRef = E8A209392289AD37006210A6 /* WeatherForecastTableViewController.swift */; };
		E8A2093C2289AD9C006210A6 /* WeatherForecastCell.swift in Sources */ = {isa = PBXBuildFile; fileRef = E8A2093B2289AD9C006210A6 /* WeatherForecastCell.swift */; };
		E8A2093E2289ADAD006210A6 /* WeatherForecastCell.xib in Resources */ = {isa = PBXBuildFile; fileRef = E8A2093D2289ADAD006210A6 /* WeatherForecastCell.xib */; };
		E8A209402289B457006210A6 /* SharedData.swift in Sources */ = {isa = PBXBuildFile; fileRef = E8A2093F2289B457006210A6 /* SharedData.swift */; };
/* End PBXBuildFile section */

/* Begin PBXContainerItemProxy section */
		E8A209172289A428006210A6 /* PBXContainerItemProxy */ = {
			isa = PBXContainerItemProxy;
			containerPortal = E8A208FA2289A427006210A6 /* Project object */;
			proxyType = 1;
			remoteGlobalIDString = E8A209012289A427006210A6;
			remoteInfo = OpenWeatherApp;
		};
		E8A209222289A428006210A6 /* PBXContainerItemProxy */ = {
			isa = PBXContainerItemProxy;
			containerPortal = E8A208FA2289A427006210A6 /* Project object */;
			proxyType = 1;
			remoteGlobalIDString = E8A209012289A427006210A6;
			remoteInfo = OpenWeatherApp;
		};
/* End PBXContainerItemProxy section */

/* Begin PBXFileReference section */
		E8A209022289A427006210A6 /* OpenWeatherApp.app */ = {isa = PBXFileReference; explicitFileType = wrapper.application; includeInIndex = 0; path = OpenWeatherApp.app; sourceTree = BUILT_PRODUCTS_DIR; };
		E8A209052289A427006210A6 /* AppDelegate.swift */ = {isa = PBXFileReference; lastKnownFileType = sourcecode.swift; path = AppDelegate.swift; sourceTree = "<group>"; };
		E8A209072289A427006210A6 /* ViewController.swift */ = {isa = PBXFileReference; lastKnownFileType = sourcecode.swift; path = ViewController.swift; sourceTree = "<group>"; };
		E8A2090A2289A427006210A6 /* Base */ = {isa = PBXFileReference; lastKnownFileType = file.storyboard; name = Base; path = Base.lproj/Main.storyboard; sourceTree = "<group>"; };
		E8A2090C2289A428006210A6 /* Assets.xcassets */ = {isa = PBXFileReference; lastKnownFileType = folder.assetcatalog; path = Assets.xcassets; sourceTree = "<group>"; };
		E8A2090F2289A428006210A6 /* Base */ = {isa = PBXFileReference; lastKnownFileType = file.storyboard; name = Base; path = Base.lproj/LaunchScreen.storyboard; sourceTree = "<group>"; };
		E8A209112289A428006210A6 /* Info.plist */ = {isa = PBXFileReference; lastKnownFileType = text.plist.xml; path = Info.plist; sourceTree = "<group>"; };
		E8A209162289A428006210A6 /* OpenWeatherAppTests.xctest */ = {isa = PBXFileReference; explicitFileType = wrapper.cfbundle; includeInIndex = 0; path = OpenWeatherAppTests.xctest; sourceTree = BUILT_PRODUCTS_DIR; };
		E8A2091A2289A428006210A6 /* OpenWeatherAppTests.swift */ = {isa = PBXFileReference; lastKnownFileType = sourcecode.swift; path = OpenWeatherAppTests.swift; sourceTree = "<group>"; };
		E8A2091C2289A428006210A6 /* Info.plist */ = {isa = PBXFileReference; lastKnownFileType = text.plist.xml; path = Info.plist; sourceTree = "<group>"; };
		E8A209212289A428006210A6 /* OpenWeatherAppUITests.xctest */ = {isa = PBXFileReference; explicitFileType = wrapper.cfbundle; includeInIndex = 0; path = OpenWeatherAppUITests.xctest; sourceTree = BUILT_PRODUCTS_DIR; };
		E8A209252289A428006210A6 /* OpenWeatherAppUITests.swift */ = {isa = PBXFileReference; lastKnownFileType = sourcecode.swift; path = OpenWeatherAppUITests.swift; sourceTree = "<group>"; };
		E8A209272289A428006210A6 /* Info.plist */ = {isa = PBXFileReference; lastKnownFileType = text.plist.xml; path = Info.plist; sourceTree = "<group>"; };
		E8A209332289A467006210A6 /* Weather.swift */ = {isa = PBXFileReference; lastKnownFileType = sourcecode.swift; path = Weather.swift; sourceTree = "<group>"; };
		E8A209352289A474006210A6 /* WeatherService.swift */ = {isa = PBXFileReference; lastKnownFileType = sourcecode.swift; path = WeatherService.swift; sourceTree = "<group>"; };
		E8A209392289AD37006210A6 /* WeatherForecastTableViewController.swift */ = {isa = PBXFileReference; lastKnownFileType = sourcecode.swift; path = WeatherForecastTableViewController.swift; sourceTree = "<group>"; };
		E8A2093B2289AD9C006210A6 /* WeatherForecastCell.swift */ = {isa = PBXFileReference; lastKnownFileType = sourcecode.swift; path = WeatherForecastCell.swift; sourceTree = "<group>"; };
		E8A2093D2289ADAD006210A6 /* WeatherForecastCell.xib */ = {isa = PBXFileReference; lastKnownFileType = file.xib; path = WeatherForecastCell.xib; sourceTree = "<group>"; };
		E8A2093F2289B457006210A6 /* SharedData.swift */ = {isa = PBXFileReference; lastKnownFileType = sourcecode.swift; path = SharedData.swift; sourceTree = "<group>"; };
/* End PBXFileReference section */

/* Begin PBXFrameworksBuildPhase section */
		E8A208FF2289A427006210A6 /* Frameworks */ = {
			isa = PBXFrameworksBuildPhase;
			buildActionMask = 2147483647;
			files = (
			);
			runOnlyForDeploymentPostprocessing = 0;
		};
		E8A209132289A428006210A6 /* Frameworks */ = {
			isa = PBXFrameworksBuildPhase;
			buildActionMask = 2147483647;
			files = (
			);
			runOnlyForDeploymentPostprocessing = 0;
		};
		E8A2091E2289A428006210A6 /* Frameworks */ = {
			isa = PBXFrameworksBuildPhase;
			buildActionMask = 2147483647;
			files = (
			);
			runOnlyForDeploymentPostprocessing = 0;
		};
/* End PBXFrameworksBuildPhase section */

/* Begin PBXGroup section */
		E8A208F92289A427006210A6 = {
			isa = PBXGroup;
			children = (
				E8A209042289A427006210A6 /* OpenWeatherApp */,
				E8A209192289A428006210A6 /* OpenWeatherAppTests */,
				E8A209242289A428006210A6 /* OpenWeatherAppUITests */,
				E8A209032289A427006210A6 /* Products */,
			);
			sourceTree = "<group>";
		};
		E8A209032289A427006210A6 /* Products */ = {
			isa = PBXGroup;
			children = (
				E8A209022289A427006210A6 /* OpenWeatherApp.app */,
				E8A209162289A428006210A6 /* OpenWeatherAppTests.xctest */,
				E8A209212289A428006210A6 /* OpenWeatherAppUITests.xctest */,
			);
			name = Products;
			sourceTree = "<group>";
		};
		E8A209042289A427006210A6 /* OpenWeatherApp */ = {
			isa = PBXGroup;
			children = (
				E8A2093F2289B457006210A6 /* SharedData.swift */,
				E8A209382289AD13006210A6 /* WeatherForecastTable */,
				E8A209372289A479006210A6 /* Weather */,
				E8A209052289A427006210A6 /* AppDelegate.swift */,
				E8A209072289A427006210A6 /* ViewController.swift */,
				E8A209092289A427006210A6 /* Main.storyboard */,
				E8A2090C2289A428006210A6 /* Assets.xcassets */,
				E8A2090E2289A428006210A6 /* LaunchScreen.storyboard */,
				E8A209112289A428006210A6 /* Info.plist */,
			);
			path = OpenWeatherApp;
			sourceTree = "<group>";
		};
		E8A209192289A428006210A6 /* OpenWeatherAppTests */ = {
			isa = PBXGroup;
			children = (
				E8A2091A2289A428006210A6 /* OpenWeatherAppTests.swift */,
				E8A2091C2289A428006210A6 /* Info.plist */,
			);
			path = OpenWeatherAppTests;
			sourceTree = "<group>";
		};
		E8A209242289A428006210A6 /* OpenWeatherAppUITests */ = {
			isa = PBXGroup;
			children = (
				E8A209252289A428006210A6 /* OpenWeatherAppUITests.swift */,
				E8A209272289A428006210A6 /* Info.plist */,
			);
			path = OpenWeatherAppUITests;
			sourceTree = "<group>";
		};
		E8A209372289A479006210A6 /* Weather */ = {
			isa = PBXGroup;
			children = (
				E8A209332289A467006210A6 /* Weather.swift */,
				E8A209352289A474006210A6 /* WeatherService.swift */,
			);
			path = Weather;
			sourceTree = "<group>";
		};
		E8A209382289AD13006210A6 /* WeatherForecastTable */ = {
			isa = PBXGroup;
			children = (
				E8A209392289AD37006210A6 /* WeatherForecastTableViewController.swift */,
				E8A2093B2289AD9C006210A6 /* WeatherForecastCell.swift */,
				E8A2093D2289ADAD006210A6 /* WeatherForecastCell.xib */,
			);
			path = WeatherForecastTable;
			sourceTree = "<group>";
		};
/* End PBXGroup section */

/* Begin PBXNativeTarget section */
		E8A209012289A427006210A6 /* OpenWeatherApp */ = {
			isa = PBXNativeTarget;
			buildConfigurationList = E8A2092A2289A428006210A6 /* Build configuration list for PBXNativeTarget "OpenWeatherApp" */;
			buildPhases = (
				E8A208FE2289A427006210A6 /* Sources */,
				E8A208FF2289A427006210A6 /* Frameworks */,
				E8A209002289A427006210A6 /* Resources */,
			);
			buildRules = (
			);
			dependencies = (
			);
			name = OpenWeatherApp;
			productName = OpenWeatherApp;
			productReference = E8A209022289A427006210A6 /* OpenWeatherApp.app */;
			productType = "com.apple.product-type.application";
		};
		E8A209152289A428006210A6 /* OpenWeatherAppTests */ = {
			isa = PBXNativeTarget;
			buildConfigurationList = E8A2092D2289A428006210A6 /* Build configuration list for PBXNativeTarget "OpenWeatherAppTests" */;
			buildPhases = (
				E8A209122289A428006210A6 /* Sources */,
				E8A209132289A428006210A6 /* Frameworks */,
				E8A209142289A428006210A6 /* Resources */,
			);
			buildRules = (
			);
			dependencies = (
				E8A209182289A428006210A6 /* PBXTargetDependency */,
			);
			name = OpenWeatherAppTests;
			productName = OpenWeatherAppTests;
			productReference = E8A209162289A428006210A6 /* OpenWeatherAppTests.xctest */;
			productType = "com.apple.product-type.bundle.unit-test";
		};
		E8A209202289A428006210A6 /* OpenWeatherAppUITests */ = {
			isa = PBXNativeTarget;
			buildConfigurationList = E8A209302289A428006210A6 /* Build configuration list for PBXNativeTarget "OpenWeatherAppUITests" */;
			buildPhases = (
				E8A2091D2289A428006210A6 /* Sources */,
				E8A2091E2289A428006210A6 /* Frameworks */,
				E8A2091F2289A428006210A6 /* Resources */,
			);
			buildRules = (
			);
			dependencies = (
				E8A209232289A428006210A6 /* PBXTargetDependency */,
			);
			name = OpenWeatherAppUITests;
			productName = OpenWeatherAppUITests;
			productReference = E8A209212289A428006210A6 /* OpenWeatherAppUITests.xctest */;
			productType = "com.apple.product-type.bundle.ui-testing";
		};
/* End PBXNativeTarget section */

/* Begin PBXProject section */
		E8A208FA2289A427006210A6 /* Project object */ = {
			isa = PBXProject;
			attributes = {
				LastSwiftUpdateCheck = 1010;
				LastUpgradeCheck = 1010;
				ORGANIZATIONNAME = Dennis;
				TargetAttributes = {
					E8A209012289A427006210A6 = {
						CreatedOnToolsVersion = 10.1;
					};
					E8A209152289A428006210A6 = {
						CreatedOnToolsVersion = 10.1;
						TestTargetID = E8A209012289A427006210A6;
					};
					E8A209202289A428006210A6 = {
						CreatedOnToolsVersion = 10.1;
						TestTargetID = E8A209012289A427006210A6;
					};
				};
			};
			buildConfigurationList = E8A208FD2289A427006210A6 /* Build configuration list for PBXProject "OpenWeatherApp" */;
			compatibilityVersion = "Xcode 9.3";
			developmentRegion = en;
			hasScannedForEncodings = 0;
			knownRegions = (
				en,
				Base,
			);
			mainGroup = E8A208F92289A427006210A6;
			productRefGroup = E8A209032289A427006210A6 /* Products */;
			projectDirPath = "";
			projectRoot = "";
			targets = (
				E8A209012289A427006210A6 /* OpenWeatherApp */,
				E8A209152289A428006210A6 /* OpenWeatherAppTests */,
				E8A209202289A428006210A6 /* OpenWeatherAppUITests */,
			);
		};
/* End PBXProject section */

/* Begin PBXResourcesBuildPhase section */
		E8A209002289A427006210A6 /* Resources */ = {
			isa = PBXResourcesBuildPhase;
			buildActionMask = 2147483647;
			files = (
				E8A209102289A428006210A6 /* LaunchScreen.storyboard in Resources */,
				E8A2090D2289A428006210A6 /* Assets.xcassets in Resources */,
				E8A2090B2289A427006210A6 /* Main.storyboard in Resources */,
				E8A2093E2289ADAD006210A6 /* WeatherForecastCell.xib in Resources */,
			);
			runOnlyForDeploymentPostprocessing = 0;
		};
		E8A209142289A428006210A6 /* Resources */ = {
			isa = PBXResourcesBuildPhase;
			buildActionMask = 2147483647;
			files = (
			);
			runOnlyForDeploymentPostprocessing = 0;
		};
		E8A2091F2289A428006210A6 /* Resources */ = {
			isa = PBXResourcesBuildPhase;
			buildActionMask = 2147483647;
			files = (
			);
			runOnlyForDeploymentPostprocessing = 0;
		};
/* End PBXResourcesBuildPhase section */

/* Begin PBXSourcesBuildPhase section */
		E8A208FE2289A427006210A6 /* Sources */ = {
			isa = PBXSourcesBuildPhase;
			buildActionMask = 2147483647;
			files = (
				E8A209362289A474006210A6 /* WeatherService.swift in Sources */,
				E8A209402289B457006210A6 /* SharedData.swift in Sources */,
				E8A209082289A427006210A6 /* ViewController.swift in Sources */,
				E8A2093A2289AD37006210A6 /* WeatherForecastTableViewController.swift in Sources */,
				E8A209342289A467006210A6 /* Weather.swift in Sources */,
				E8A209062289A427006210A6 /* AppDelegate.swift in Sources */,
				E8A2093C2289AD9C006210A6 /* WeatherForecastCell.swift in Sources */,
			);
			runOnlyForDeploymentPostprocessing = 0;
		};
		E8A209122289A428006210A6 /* Sources */ = {
			isa = PBXSourcesBuildPhase;
			buildActionMask = 2147483647;
			files = (
				E8A2091B2289A428006210A6 /* OpenWeatherAppTests.swift in Sources */,
			);
			runOnlyForDeploymentPostprocessing = 0;
		};
		E8A2091D2289A428006210A6 /* Sources */ = {
			isa = PBXSourcesBuildPhase;
			buildActionMask = 2147483647;
			files = (
				E8A209262289A428006210A6 /* OpenWeatherAppUITests.swift in Sources */,
			);
			runOnlyForDeploymentPostprocessing = 0;
		};
/* End PBXSourcesBuildPhase section */

/* Begin PBXTargetDependency section */
		E8A209182289A428006210A6 /* PBXTargetDependency */ = {
			isa = PBXTargetDependency;
			target = E8A209012289A427006210A6 /* OpenWeatherApp */;
			targetProxy = E8A209172289A428006210A6 /* PBXContainerItemProxy */;
		};
		E8A209232289A428006210A6 /* PBXTargetDependency */ = {
			isa = PBXTargetDependency;
			target = E8A209012289A427006210A6 /* OpenWeatherApp */;
			targetProxy = E8A209222289A428006210A6 /* PBXContainerItemProxy */;
		};
/* End PBXTargetDependency section */

/* Begin PBXVariantGroup section */
		E8A209092289A427006210A6 /* Main.storyboard */ = {
			isa = PBXVariantGroup;
			children = (
				E8A2090A2289A427006210A6 /* Base */,
			);
			name = Main.storyboard;
			sourceTree = "<group>";
		};
		E8A2090E2289A428006210A6 /* LaunchScreen.storyboard */ = {
			isa = PBXVariantGroup;
			children = (
				E8A2090F2289A428006210A6 /* Base */,
			);
			name = LaunchScreen.storyboard;
			sourceTree = "<group>";
		};
/* End PBXVariantGroup section */

/* Begin XCBuildConfiguration section */
		E8A209282289A428006210A6 /* Debug */ = {
			isa = XCBuildConfiguration;
			buildSettings = {
				ALWAYS_SEARCH_USER_PATHS = NO;
				CLANG_ANALYZER_NONNULL = YES;
				CLANG_ANALYZER_NUMBER_OBJECT_CONVERSION = YES_AGGRESSIVE;
				CLANG_CXX_LANGUAGE_STANDARD = "gnu++14";
				CLANG_CXX_LIBRARY = "libc++";
				CLANG_ENABLE_MODULES = YES;
				CLANG_ENABLE_OBJC_ARC = YES;
				CLANG_ENABLE_OBJC_WEAK = YES;
				CLANG_WARN_BLOCK_CAPTURE_AUTORELEASING = YES;
				CLANG_WARN_BOOL_CONVERSION = YES;
				CLANG_WARN_COMMA = YES;
				CLANG_WARN_CONSTANT_CONVERSION = YES;
				CLANG_WARN_DEPRECATED_OBJC_IMPLEMENTATIONS = YES;
				CLANG_WARN_DIRECT_OBJC_ISA_USAGE = YES_ERROR;
				CLANG_WARN_DOCUMENTATION_COMMENTS = YES;
				CLANG_WARN_EMPTY_BODY = YES;
				CLANG_WARN_ENUM_CONVERSION = YES;
				CLANG_WARN_INFINITE_RECURSION = YES;
				CLANG_WARN_INT_CONVERSION = YES;
				CLANG_WARN_NON_LITERAL_NULL_CONVERSION = YES;
				CLANG_WARN_OBJC_IMPLICIT_RETAIN_SELF = YES;
				CLANG_WARN_OBJC_LITERAL_CONVERSION = YES;
				CLANG_WARN_OBJC_ROOT_CLASS = YES_ERROR;
				CLANG_WARN_RANGE_LOOP_ANALYSIS = YES;
				CLANG_WARN_STRICT_PROTOTYPES = YES;
				CLANG_WARN_SUSPICIOUS_MOVE = YES;
				CLANG_WARN_UNGUARDED_AVAILABILITY = YES_AGGRESSIVE;
				CLANG_WARN_UNREACHABLE_CODE = YES;
				CLANG_WARN__DUPLICATE_METHOD_MATCH = YES;
				CODE_SIGN_IDENTITY = "iPhone Developer";
				COPY_PHASE_STRIP = NO;
				DEBUG_INFORMATION_FORMAT = dwarf;
				ENABLE_STRICT_OBJC_MSGSEND = YES;
				ENABLE_TESTABILITY = YES;
				GCC_C_LANGUAGE_STANDARD = gnu11;
				GCC_DYNAMIC_NO_PIC = NO;
				GCC_NO_COMMON_BLOCKS = YES;
				GCC_OPTIMIZATION_LEVEL = 0;
				GCC_PREPROCESSOR_DEFINITIONS = (
					"DEBUG=1",
					"$(inherited)",
				);
				GCC_WARN_64_TO_32_BIT_CONVERSION = YES;
				GCC_WARN_ABOUT_RETURN_TYPE = YES_ERROR;
				GCC_WARN_UNDECLARED_SELECTOR = YES;
				GCC_WARN_UNINITIALIZED_AUTOS = YES_AGGRESSIVE;
				GCC_WARN_UNUSED_FUNCTION = YES;
				GCC_WARN_UNUSED_VARIABLE = YES;
				IPHONEOS_DEPLOYMENT_TARGET = 12.1;
				MTL_ENABLE_DEBUG_INFO = INCLUDE_SOURCE;
				MTL_FAST_MATH = YES;
				ONLY_ACTIVE_ARCH = YES;
				SDKROOT = iphoneos;
				SWIFT_ACTIVE_COMPILATION_CONDITIONS = DEBUG;
				SWIFT_OPTIMIZATION_LEVEL = "-Onone";
			};
			name = Debug;
		};
		E8A209292289A428006210A6 /* Release */ = {
			isa = XCBuildConfiguration;
			buildSettings = {
				ALWAYS_SEARCH_USER_PATHS = NO;
				CLANG_ANALYZER_NONNULL = YES;
				CLANG_ANALYZER_NUMBER_OBJECT_CONVERSION = YES_AGGRESSIVE;
				CLANG_CXX_LANGUAGE_STANDARD = "gnu++14";
				CLANG_CXX_LIBRARY = "libc++";
				CLANG_ENABLE_MODULES = YES;
				CLANG_ENABLE_OBJC_ARC = YES;
				CLANG_ENABLE_OBJC_WEAK = YES;
				CLANG_WARN_BLOCK_CAPTURE_AUTORELEASING = YES;
				CLANG_WARN_BOOL_CONVERSION = YES;
				CLANG_WARN_COMMA = YES;
				CLANG_WARN_CONSTANT_CONVERSION = YES;
				CLANG_WARN_DEPRECATED_OBJC_IMPLEMENTATIONS = YES;
				CLANG_WARN_DIRECT_OBJC_ISA_USAGE = YES_ERROR;
				CLANG_WARN_DOCUMENTATION_COMMENTS = YES;
				CLANG_WARN_EMPTY_BODY = YES;
				CLANG_WARN_ENUM_CONVERSION = YES;
				CLANG_WARN_INFINITE_RECURSION = YES;
				CLANG_WARN_INT_CONVERSION = YES;
				CLANG_WARN_NON_LITERAL_NULL_CONVERSION = YES;
				CLANG_WARN_OBJC_IMPLICIT_RETAIN_SELF = YES;
				CLANG_WARN_OBJC_LITERAL_CONVERSION = YES;
				CLANG_WARN_OBJC_ROOT_CLASS = YES_ERROR;
				CLANG_WARN_RANGE_LOOP_ANALYSIS = YES;
				CLANG_WARN_STRICT_PROTOTYPES = YES;
				CLANG_WARN_SUSPICIOUS_MOVE = YES;
				CLANG_WARN_UNGUARDED_AVAILABILITY = YES_AGGRESSIVE;
				CLANG_WARN_UNREACHABLE_CODE = YES;
				CLANG_WARN__DUPLICATE_METHOD_MATCH = YES;
				CODE_SIGN_IDENTITY = "iPhone Developer";
				COPY_PHASE_STRIP = NO;
				DEBUG_INFORMATION_FORMAT = "dwarf-with-dsym";
				ENABLE_NS_ASSERTIONS = NO;
				ENABLE_STRICT_OBJC_MSGSEND = YES;
				GCC_C_LANGUAGE_STANDARD = gnu11;
				GCC_NO_COMMON_BLOCKS = YES;
				GCC_WARN_64_TO_32_BIT_CONVERSION = YES;
				GCC_WARN_ABOUT_RETURN_TYPE = YES_ERROR;
				GCC_WARN_UNDECLARED_SELECTOR = YES;
				GCC_WARN_UNINITIALIZED_AUTOS = YES_AGGRESSIVE;
				GCC_WARN_UNUSED_FUNCTION = YES;
				GCC_WARN_UNUSED_VARIABLE = YES;
				IPHONEOS_DEPLOYMENT_TARGET = 12.1;
				MTL_ENABLE_DEBUG_INFO = NO;
				MTL_FAST_MATH = YES;
				SDKROOT = iphoneos;
				SWIFT_COMPILATION_MODE = wholemodule;
				SWIFT_OPTIMIZATION_LEVEL = "-O";
				VALIDATE_PRODUCT = YES;
			};
			name = Release;
		};
		E8A2092B2289A428006210A6 /* Debug */ = {
			isa = XCBuildConfiguration;
			buildSettings = {
				ASSETCATALOG_COMPILER_APPICON_NAME = AppIcon;
				CODE_SIGN_STYLE = Automatic;
				INFOPLIST_FILE = OpenWeatherApp/Info.plist;
				LD_RUNPATH_SEARCH_PATHS = (
					"$(inherited)",
					"@executable_path/Frameworks",
				);
				PRODUCT_BUNDLE_IDENTIFIER = com.Dennis.OpenWeatherApp;
				PRODUCT_NAME = "$(TARGET_NAME)";
				SWIFT_VERSION = 4.2;
				TARGETED_DEVICE_FAMILY = "1,2";
			};
			name = Debug;
		};
		E8A2092C2289A428006210A6 /* Release */ = {
			isa = XCBuildConfiguration;
			buildSettings = {
				ASSETCATALOG_COMPILER_APPICON_NAME = AppIcon;
				CODE_SIGN_STYLE = Automatic;
				INFOPLIST_FILE = OpenWeatherApp/Info.plist;
				LD_RUNPATH_SEARCH_PATHS = (
					"$(inherited)",
					"@executable_path/Frameworks",
				);
				PRODUCT_BUNDLE_IDENTIFIER = com.Dennis.OpenWeatherApp;
				PRODUCT_NAME = "$(TARGET_NAME)";
				SWIFT_VERSION = 4.2;
				TARGETED_DEVICE_FAMILY = "1,2";
			};
			name = Release;
		};
		E8A2092E2289A428006210A6 /* Debug */ = {
			isa = XCBuildConfiguration;
			buildSettings = {
				ALWAYS_EMBED_SWIFT_STANDARD_LIBRARIES = YES;
				BUNDLE_LOADER = "$(TEST_HOST)";
				CODE_SIGN_STYLE = Automatic;
				INFOPLIST_FILE = OpenWeatherAppTests/Info.plist;
				LD_RUNPATH_SEARCH_PATHS = (
					"$(inherited)",
					"@executable_path/Frameworks",
					"@loader_path/Frameworks",
				);
				PRODUCT_BUNDLE_IDENTIFIER = com.Dennis.OpenWeatherAppTests;
				PRODUCT_NAME = "$(TARGET_NAME)";
				SWIFT_VERSION = 4.2;
				TARGETED_DEVICE_FAMILY = "1,2";
				TEST_HOST = "$(BUILT_PRODUCTS_DIR)/OpenWeatherApp.app/OpenWeatherApp";
			};
			name = Debug;
		};
		E8A2092F2289A428006210A6 /* Release */ = {
			isa = XCBuildConfiguration;
			buildSettings = {
				ALWAYS_EMBED_SWIFT_STANDARD_LIBRARIES = YES;
				BUNDLE_LOADER = "$(TEST_HOST)";
				CODE_SIGN_STYLE = Automatic;
				INFOPLIST_FILE = OpenWeatherAppTests/Info.plist;
				LD_RUNPATH_SEARCH_PATHS = (
					"$(inherited)",
					"@executable_path/Frameworks",
					"@loader_path/Frameworks",
				);
				PRODUCT_BUNDLE_IDENTIFIER = com.Dennis.OpenWeatherAppTests;
				PRODUCT_NAME = "$(TARGET_NAME)";
				SWIFT_VERSION = 4.2;
				TARGETED_DEVICE_FAMILY = "1,2";
				TEST_HOST = "$(BUILT_PRODUCTS_DIR)/OpenWeatherApp.app/OpenWeatherApp";
			};
			name = Release;
		};
		E8A209312289A428006210A6 /* Debug */ = {
			isa = XCBuildConfiguration;
			buildSettings = {
				ALWAYS_EMBED_SWIFT_STANDARD_LIBRARIES = YES;
				CODE_SIGN_STYLE = Automatic;
				INFOPLIST_FILE = OpenWeatherAppUITests/Info.plist;
				LD_RUNPATH_SEARCH_PATHS = (
					"$(inherited)",
					"@executable_path/Frameworks",
					"@loader_path/Frameworks",
				);
				PRODUCT_BUNDLE_IDENTIFIER = com.Dennis.OpenWeatherAppUITests;
				PRODUCT_NAME = "$(TARGET_NAME)";
				SWIFT_VERSION = 4.2;
				TARGETED_DEVICE_FAMILY = "1,2";
				TEST_TARGET_NAME = OpenWeatherApp;
			};
			name = Debug;
		};
		E8A209322289A428006210A6 /* Release */ = {
			isa = XCBuildConfiguration;
			buildSettings = {
				ALWAYS_EMBED_SWIFT_STANDARD_LIBRARIES = YES;
				CODE_SIGN_STYLE = Automatic;
				INFOPLIST_FILE = OpenWeatherAppUITests/Info.plist;
				LD_RUNPATH_SEARCH_PATHS = (
					"$(inherited)",
					"@executable_path/Frameworks",
					"@loader_path/Frameworks",
				);
				PRODUCT_BUNDLE_IDENTIFIER = com.Dennis.OpenWeatherAppUITests;
				PRODUCT_NAME = "$(TARGET_NAME)";
				SWIFT_VERSION = 4.2;
				TARGETED_DEVICE_FAMILY = "1,2";
				TEST_TARGET_NAME = OpenWeatherApp;
			};
			name = Release;
		};
/* End XCBuildConfiguration section */

/* Begin XCConfigurationList section */
		E8A208FD2289A427006210A6 /* Build configuration list for PBXProject "OpenWeatherApp" */ = {
			isa = XCConfigurationList;
			buildConfigurations = (
				E8A209282289A428006210A6 /* Debug */,
				E8A209292289A428006210A6 /* Release */,
			);
			defaultConfigurationIsVisible = 0;
			defaultConfigurationName = Release;
		};
		E8A2092A2289A428006210A6 /* Build configuration list for PBXNativeTarget "OpenWeatherApp" */ = {
			isa = XCConfigurationList;
			buildConfigurations = (
				E8A2092B2289A428006210A6 /* Debug */,
				E8A2092C2289A428006210A6 /* Release */,
			);
			defaultConfigurationIsVisible = 0;
			defaultConfigurationName = Release;
		};
		E8A2092D2289A428006210A6 /* Build configuration list for PBXNativeTarget "OpenWeatherAppTests" */ = {
			isa = XCConfigurationList;
			buildConfigurations = (
				E8A2092E2289A428006210A6 /* Debug */,
				E8A2092F2289A428006210A6 /* Release */,
			);
			defaultConfigurationIsVisible = 0;
			defaultConfigurationName = Release;
		};
		E8A209302289A428006210A6 /* Build configuration list for PBXNativeTarget "OpenWeatherAppUITests" */ = {
			isa = XCConfigurationList;
			buildConfigurations = (
				E8A209312289A428006210A6 /* Debug */,
				E8A209322289A428006210A6 /* Release */,
			);
			defaultConfigurationIsVisible = 0;
			defaultConfigurationName = Release;
		};
/* End XCConfigurationList section */
	};
	rootObject = E8A208FA2289A427006210A6 /* Project object */;
}
